
Microsoft Visual Studio Solution File, Format Version 12.00
# Visual Studio Version 17
VisualStudioVersion = 17.2.32616.157
MinimumVisualStudioVersion = 10.0.40219.1
Project("{2150E333-8FDC-42A3-9474-1A3956D46DE8}") = "src", "src", "{21935568-F6C5-42EF-86DA-B5A8133C195E}"
EndProject
Project("{2150E333-8FDC-42A3-9474-1A3956D46DE8}") = "test", "test", "{043F2939-FDD2-4D46-B934-ECF55256B351}"
EndProject
Project("{9A19103F-16F7-4668-BE54-9A1E7A4F7556}") = "EventOrganizer.Domain", "src\EventOrganizer.Domain\EventOrganizer.Domain.csproj", "{8BCF07D4-0A65-4666-B8C1-8511BED5D040}"
EndProject
Project("{9A19103F-16F7-4668-BE54-9A1E7A4F7556}") = "EventOrganizer.Tests", "test\EventOrganizer.Tests\EventOrganizer.Tests.csproj", "{2184DCA7-E0A2-4100-AE84-15EBAD031644}"
EndProject
Project("{9A19103F-16F7-4668-BE54-9A1E7A4F7556}") = "EventOrganizer.Core", "src\EventOrganizer.Core\EventOrganizer.Core.csproj", "{9F639665-14B8-4AC4-A330-7A47DE79454F}"
EndProject
Project("{9A19103F-16F7-4668-BE54-9A1E7A4F7556}") = "EventOrganizer.EF", "src\EventOrganizer.EF\EventOrganizer.EF.csproj", "{45021362-1DD9-41F8-BD49-CB8A505DB6C4}"
EndProject
Project("{9A19103F-16F7-4668-BE54-9A1E7A4F7556}") = "EventOrganizer.WebClient", "src\EventOrganizer.WebClient\EventOrganizer.WebClient.csproj", "{18B1B00F-491C-430C-B324-E7CAA407F524}"
EndProject
Global
	GlobalSection(SolutionConfigurationPlatforms) = preSolution
		Debug|Any CPU = Debug|Any CPU
		Release|Any CPU = Release|Any CPU
	EndGlobalSection
	GlobalSection(ProjectConfigurationPlatforms) = postSolution
		{8BCF07D4-0A65-4666-B8C1-8511BED5D040}.Debug|Any CPU.ActiveCfg = Debug|Any CPU
		{8BCF07D4-0A65-4666-B8C1-8511BED5D040}.Debug|Any CPU.Build.0 = Debug|Any CPU
		{8BCF07D4-0A65-4666-B8C1-8511BED5D040}.Release|Any CPU.ActiveCfg = Release|Any CPU
		{8BCF07D4-0A65-4666-B8C1-8511BED5D040}.Release|Any CPU.Build.0 = Release|Any CPU
		{2184DCA7-E0A2-4100-AE84-15EBAD031644}.Debug|Any CPU.ActiveCfg = Debug|Any CPU
		{2184DCA7-E0A2-4100-AE84-15EBAD031644}.Debug|Any CPU.Build.0 = Debug|Any CPU
		{2184DCA7-E0A2-4100-AE84-15EBAD031644}.Release|Any CPU.ActiveCfg = Release|Any CPU
		{2184DCA7-E0A2-4100-AE84-15EBAD031644}.Release|Any CPU.Build.0 = Release|Any CPU
		{9F639665-14B8-4AC4-A330-7A47DE79454F}.Debug|Any CPU.ActiveCfg = Debug|Any CPU
		{9F639665-14B8-4AC4-A330-7A47DE79454F}.Debug|Any CPU.Build.0 = Debug|Any CPU
		{9F639665-14B8-4AC4-A330-7A47DE79454F}.Release|Any CPU.ActiveCfg = Release|Any CPU
		{9F639665-14B8-4AC4-A330-7A47DE79454F}.Release|Any CPU.Build.0 = Release|Any CPU
		{45021362-1DD9-41F8-BD49-CB8A505DB6C4}.Debug|Any CPU.ActiveCfg = Debug|Any CPU
		{45021362-1DD9-41F8-BD49-CB8A505DB6C4}.Debug|Any CPU.Build.0 = Debug|Any CPU
		{45021362-1DD9-41F8-BD49-CB8A505DB6C4}.Release|Any CPU.ActiveCfg = Release|Any CPU
		{45021362-1DD9-41F8-BD49-CB8A505DB6C4}.Release|Any CPU.Build.0 = Release|Any CPU
		{18B1B00F-491C-430C-B324-E7CAA407F524}.Debug|Any CPU.ActiveCfg = Debug|Any CPU
		{18B1B00F-491C-430C-B324-E7CAA407F524}.Debug|Any CPU.Build.0 = Debug|Any CPU
		{18B1B00F-491C-430C-B324-E7CAA407F524}.Release|Any CPU.ActiveCfg = Release|Any CPU
		{18B1B00F-491C-430C-B324-E7CAA407F524}.Release|Any CPU.Build.0 = Release|Any CPU
	EndGlobalSection
	GlobalSection(SolutionProperties) = preSolution
		HideSolutionNode = FALSE
	EndGlobalSection
	GlobalSection(NestedProjects) = preSolution
		{8BCF07D4-0A65-4666-B8C1-8511BED5D040} = {21935568-F6C5-42EF-86DA-B5A8133C195E}
		{2184DCA7-E0A2-4100-AE84-15EBAD031644} = {043F2939-FDD2-4D46-B934-ECF55256B351}
		{9F639665-14B8-4AC4-A330-7A47DE79454F} = {21935568-F6C5-42EF-86DA-B5A8133C195E}
		{45021362-1DD9-41F8-BD49-CB8A505DB6C4} = {21935568-F6C5-42EF-86DA-B5A8133C195E}
		{18B1B00F-491C-430C-B324-E7CAA407F524} = {21935568-F6C5-42EF-86DA-B5A8133C195E}
	EndGlobalSection
	GlobalSection(ExtensibilityGlobals) = postSolution
		SolutionGuid = {A7BED18D-A972-485B-92B1-953A63DAA9CB}
	EndGlobalSection
EndGlobal
